{
  "name": "jpstore-v2",
  "lockfileVersion": 3,
  "requires": true,
  "packages": {
    "": {
      "dependencies": {
        "vue-qrcode-reader": "^5.7.3"
      }
    },
    "node_modules/@types/dom-webcodecs": {
      "version": "0.1.18",
      "resolved": "https://registry.npmjs.org/@types/dom-webcodecs/-/dom-webcodecs-0.1.18.tgz",
      "integrity": "sha512-vAvE8C9DGWR+tkb19xyjk1TSUlJ7RUzzp4a9Anu7mwBT+fpyePWK1UxmH14tMO5zHmrnrRIMg5NutnnDztLxgg==",
      "license": "MIT"
    },
    "node_modules/@types/emscripten": {
      "version": "1.41.5",
      "resolved": "https://registry.npmjs.org/@types/emscripten/-/emscripten-1.41.5.tgz",
      "integrity": "sha512-cMQm7pxu6BxtHyqJ7mQZ2kXWV5SLmugybFdHCBbJ5eHzOo6VhBckEgAT3//rP5FwPHNPeEiq4SmQ5ucBwsOo4Q==",
      "license": "MIT"
    },
    "node_modules/barcode-detector": {
      "version": "2.2.2",
      "resolved": "https://registry.npmjs.org/barcode-detector/-/barcode-detector-2.2.2.tgz",
      "integrity": "sha512-JcSekql+EV93evfzF9zBr+Y6aRfkR+QFvgyzbwQ0dbymZXoAI9+WgT7H1E429f+3RKNncHz2CW98VQtaaKpmfQ==",
      "license": "MIT",
      "dependencies": {
        "@types/dom-webcodecs": "^0.1.11",
        "zxing-wasm": "1.1.3"
      }
    },
    "node_modules/sdp": {
      "version": "3.2.2",
      "resolved": "https://registry.npmjs.org/sdp/-/sdp-3.2.2.tgz",
      "integrity": "sha512-xZocWwfyp4hkbN4hLWxMjmv2Q8aNa9MhmOZ7L9aCZPT+dZsgRr6wZRrSYE3HTdyk/2pZKPSgqI7ns7Een1xMSA==",
      "license": "MIT"
    },
    "node_modules/vue-qrcode-reader": {
      "version": "5.7.3",
      "resolved": "https://registry.npmjs.org/vue-qrcode-reader/-/vue-qrcode-reader-5.7.3.tgz",
      "integrity": "sha512-iSGko42FsEvdHyizBMBs/X+HMO9Z5ONDxjW+mQdoraOR5emRNedmjC5SEJdYzGz8ZP5ME3lwB4iHy3S7MOt5Qw==",
      "license": "MIT",
      "dependencies": {
        "barcode-detector": "2.2.2",
        "webrtc-adapter": "8.2.3"
      },
      "engines": {
        "node": ">=18.0.0"
      }
    },
    "node_modules/webrtc-adapter": {
      "version": "8.2.3",
      "resolved": "https://registry.npmjs.org/webrtc-adapter/-/webrtc-adapter-8.2.3.tgz",
      "integrity": "sha512-gnmRz++suzmvxtp3ehQts6s2JtAGPuDPjA1F3a9ckNpG1kYdYuHWYpazoAnL9FS5/B21tKlhkorbdCXat0+4xQ==",
      "license": "BSD-3-Clause",
      "dependencies": {
        "sdp": "^3.2.0"
      },
      "engines": {
        "node": ">=6.0.0",
        "npm": ">=3.10.0"
      }
    },
    "node_modules/zxing-wasm": {
      "version": "1.1.3",
      "resolved": "https://registry.npmjs.org/zxing-wasm/-/zxing-wasm-1.1.3.tgz",
      "integrity": "sha512-MYm9k/5YVs4ZOTIFwlRjfFKD0crhefgbnt1+6TEpmKUDFp3E2uwqGSKwQOd2hOIsta/7Usq4hnpNRYTLoljnfA==",
      "license": "MIT",
      "dependencies": {
        "@types/emscripten": "^1.39.10"
      }
    }
  }
}
